
Microsoft Visual Studio Solution File, Format Version 12.00
# Visual Studio Version 16
VisualStudioVersion = 16.0.29609.76
MinimumVisualStudioVersion = 10.0.40219.1
Project("{FAE04EC0-301F-11D3-BF4B-00C04F79EFBC}") = "Console Game", "Console Game\Console Game.csproj", "{B3F80BC3-5200-46DA-883E-8F8F0276C0A7}"
EndProject
Global
	GlobalSection(SolutionConfigurationPlatforms) = preSolution
		Debug|Any CPU = Debug|Any CPU
		Release|Any CPU = Release|Any CPU
	EndGlobalSection
	GlobalSection(ProjectConfigurationPlatforms) = postSolution
		{B3F80BC3-5200-46DA-883E-8F8F0276C0A7}.Debug|Any CPU.ActiveCfg = Debug|Any CPU
		{B3F80BC3-5200-46DA-883E-8F8F0276C0A7}.Debug|Any CPU.Build.0 = Debug|Any CPU
		{B3F80BC3-5200-46DA-883E-8F8F0276C0A7}.Release|Any CPU.ActiveCfg = Release|Any CPU
		{B3F80BC3-5200-46DA-883E-8F8F0276C0A7}.Release|Any CPU.Build.0 = Release|Any CPU
	EndGlobalSection
	GlobalSection(SolutionProperties) = preSolution
		HideSolutionNode = FALSE
	EndGlobalSection
	GlobalSection(ExtensibilityGlobals) = postSolution
		SolutionGuid = {D2FBD1DD-D51E-4389-AFAC-6A45500C3442}
	EndGlobalSection
EndGlobal
